
Microsoft Visual Studio Solution File, Format Version 12.00
# Visual Studio 15
Project("{FAE04EC0-301F-11D3-BF4B-00C04F79EFBC}") = "WebApi_ExternalAuthorization", "WebApi_ExternalAuthorization\WebApi_ExternalAuthorization.csproj", "{9BA9CEDD-CE57-4BEB-8FDF-8398BEDE6D85}"
EndProject
Global
	GlobalSection(SolutionConfigurationPlatforms) = preSolution
		Debug|Any CPU = Debug|Any CPU
		Release|Any CPU = Release|Any CPU
	EndGlobalSection
	GlobalSection(ProjectConfigurationPlatforms) = postSolution
		{9BA9CEDD-CE57-4BEB-8FDF-8398BEDE6D85}.Debug|Any CPU.ActiveCfg = Debug|Any CPU
		{9BA9CEDD-CE57-4BEB-8FDF-8398BEDE6D85}.Debug|Any CPU.Build.0 = Debug|Any CPU
		{9BA9CEDD-CE57-4BEB-8FDF-8398BEDE6D85}.Release|Any CPU.ActiveCfg = Release|Any CPU
		{9BA9CEDD-CE57-4BEB-8FDF-8398BEDE6D85}.Release|Any CPU.Build.0 = Release|Any CPU
	EndGlobalSection
EndGlobal
